
Microsoft Visual Studio Solution File, Format Version 12.00
# Visual Studio Version 17
VisualStudioVersion = 17.6.33815.320
MinimumVisualStudioVersion = 10.0.40219.1
Project("{FAE04EC0-301F-11D3-BF4B-00C04F79EFBC}") = "AttributeAOPDemo", "AttributeAOPDemo\AttributeAOPDemo.csproj", "{36C2D160-229D-4A73-8E09-9359BCFE03C7}"
EndProject
Global
	GlobalSection(SolutionConfigurationPlatforms) = preSolution
		Debug|Any CPU = Debug|Any CPU
		Release|Any CPU = Release|Any CPU
	EndGlobalSection
	GlobalSection(ProjectConfigurationPlatforms) = postSolution
		{36C2D160-229D-4A73-8E09-9359BCFE03C7}.Debug|Any CPU.ActiveCfg = Debug|Any CPU
		{36C2D160-229D-4A73-8E09-9359BCFE03C7}.Debug|Any CPU.Build.0 = Debug|Any CPU
		{36C2D160-229D-4A73-8E09-9359BCFE03C7}.Release|Any CPU.ActiveCfg = Release|Any CPU
		{36C2D160-229D-4A73-8E09-9359BCFE03C7}.Release|Any CPU.Build.0 = Release|Any CPU
	EndGlobalSection
	GlobalSection(SolutionProperties) = preSolution
		HideSolutionNode = FALSE
	EndGlobalSection
	GlobalSection(ExtensibilityGlobals) = postSolution
		SolutionGuid = {5C29E100-0DD0-487A-A8FE-AFD6C6EB8907}
	EndGlobalSection
EndGlobal
